
Microsoft Visual Studio Solution File, Format Version 12.00
# Visual Studio Version 16
VisualStudioVersion = 16.0.31424.327
MinimumVisualStudioVersion = 10.0.40219.1
Project("{FAE04EC0-301F-11D3-BF4B-00C04F79EFBC}") = "UserMaintenance", "UserMaintenance\UserMaintenance.csproj", "{7492242F-1B0E-4EAA-B496-6F3C328D88ED}"
EndProject
Project("{FAE04EC0-301F-11D3-BF4B-00C04F79EFBC}") = "UnitTestExample.Test", "UnitTestExample.Test\UnitTestExample.Test.csproj", "{2897DABD-B923-4660-9FF4-A40EBD864D65}"
EndProject
Global
	GlobalSection(SolutionConfigurationPlatforms) = preSolution
		Debug|Any CPU = Debug|Any CPU
		Release|Any CPU = Release|Any CPU
	EndGlobalSection
	GlobalSection(ProjectConfigurationPlatforms) = postSolution
		{7492242F-1B0E-4EAA-B496-6F3C328D88ED}.Debug|Any CPU.ActiveCfg = Debug|Any CPU
		{7492242F-1B0E-4EAA-B496-6F3C328D88ED}.Debug|Any CPU.Build.0 = Debug|Any CPU
		{7492242F-1B0E-4EAA-B496-6F3C328D88ED}.Release|Any CPU.ActiveCfg = Release|Any CPU
		{7492242F-1B0E-4EAA-B496-6F3C328D88ED}.Release|Any CPU.Build.0 = Release|Any CPU
		{2897DABD-B923-4660-9FF4-A40EBD864D65}.Debug|Any CPU.ActiveCfg = Debug|Any CPU
		{2897DABD-B923-4660-9FF4-A40EBD864D65}.Debug|Any CPU.Build.0 = Debug|Any CPU
		{2897DABD-B923-4660-9FF4-A40EBD864D65}.Release|Any CPU.ActiveCfg = Release|Any CPU
		{2897DABD-B923-4660-9FF4-A40EBD864D65}.Release|Any CPU.Build.0 = Release|Any CPU
	EndGlobalSection
	GlobalSection(SolutionProperties) = preSolution
		HideSolutionNode = FALSE
	EndGlobalSection
	GlobalSection(ExtensibilityGlobals) = postSolution
		SolutionGuid = {53CABC17-BE6F-4768-A39A-69E05A812F3A}
	EndGlobalSection
EndGlobal
