
Microsoft Visual Studio Solution File, Format Version 12.00
# Visual Studio Version 16
VisualStudioVersion = 16.0.31424.327
MinimumVisualStudioVersion = 10.0.40219.1
Project("{FAE04EC0-301F-11D3-BF4B-00C04F79EFBC}") = "none", "none\none.csproj", "{81CB97E8-FB0F-4280-ABAA-25116EE28817}"
EndProject
Global
	GlobalSection(SolutionConfigurationPlatforms) = preSolution
		Debug|Any CPU = Debug|Any CPU
		Release|Any CPU = Release|Any CPU
	EndGlobalSection
	GlobalSection(ProjectConfigurationPlatforms) = postSolution
		{81CB97E8-FB0F-4280-ABAA-25116EE28817}.Debug|Any CPU.ActiveCfg = Debug|Any CPU
		{81CB97E8-FB0F-4280-ABAA-25116EE28817}.Debug|Any CPU.Build.0 = Debug|Any CPU
		{81CB97E8-FB0F-4280-ABAA-25116EE28817}.Release|Any CPU.ActiveCfg = Release|Any CPU
		{81CB97E8-FB0F-4280-ABAA-25116EE28817}.Release|Any CPU.Build.0 = Release|Any CPU
	EndGlobalSection
	GlobalSection(SolutionProperties) = preSolution
		HideSolutionNode = FALSE
	EndGlobalSection
	GlobalSection(ExtensibilityGlobals) = postSolution
		SolutionGuid = {FA937406-D249-4804-BFCE-9D43ECE68E61}
	EndGlobalSection
EndGlobal
