
Microsoft Visual Studio Solution File, Format Version 12.00
# Visual Studio Version 16
VisualStudioVersion = 16.0.31424.327
MinimumVisualStudioVersion = 10.0.40219.1
Project("{FAE04EC0-301F-11D3-BF4B-00C04F79EFBC}") = "Érték", "Érték\Érték.csproj", "{36CAD7F2-393C-4699-A37C-ED6079B41414}"
EndProject
Global
	GlobalSection(SolutionConfigurationPlatforms) = preSolution
		Debug|Any CPU = Debug|Any CPU
		Release|Any CPU = Release|Any CPU
	EndGlobalSection
	GlobalSection(ProjectConfigurationPlatforms) = postSolution
		{36CAD7F2-393C-4699-A37C-ED6079B41414}.Debug|Any CPU.ActiveCfg = Debug|Any CPU
		{36CAD7F2-393C-4699-A37C-ED6079B41414}.Debug|Any CPU.Build.0 = Debug|Any CPU
		{36CAD7F2-393C-4699-A37C-ED6079B41414}.Release|Any CPU.ActiveCfg = Release|Any CPU
		{36CAD7F2-393C-4699-A37C-ED6079B41414}.Release|Any CPU.Build.0 = Release|Any CPU
	EndGlobalSection
	GlobalSection(SolutionProperties) = preSolution
		HideSolutionNode = FALSE
	EndGlobalSection
	GlobalSection(ExtensibilityGlobals) = postSolution
		SolutionGuid = {62566900-5A76-432B-8B61-B9E26F7C2BBB}
	EndGlobalSection
EndGlobal
